
Microsoft Visual Studio Solution File, Format Version 12.00
# Visual Studio Version 17
VisualStudioVersion = 17.1.32328.378
MinimumVisualStudioVersion = 10.0.40219.1
Project("{9A19103F-16F7-4668-BE54-9A1E7A4F7556}") = "ShopOnline.Web", "ShopOnline.Web\ShopOnline.Web.csproj", "{F8488A71-9438-4679-AFE4-070B450ADCA7}"
EndProject
Project("{9A19103F-16F7-4668-BE54-9A1E7A4F7556}") = "ShopOnline.Api", "ShopOnline.Api\ShopOnline.Api.csproj", "{C424F985-F7ED-46AC-9B65-20A1C1A2C363}"
EndProject
Project("{FAE04EC0-301F-11D3-BF4B-00C04F79EFBC}") = "ShopOnline.Models", "ShopOnline.Models\ShopOnline.Models.csproj", "{19047C78-AF33-44BB-BD84-6F9B9332C705}"
EndProject
Global
	GlobalSection(SolutionConfigurationPlatforms) = preSolution
		Debug|Any CPU = Debug|Any CPU
		Release|Any CPU = Release|Any CPU
	EndGlobalSection
	GlobalSection(ProjectConfigurationPlatforms) = postSolution
		{F8488A71-9438-4679-AFE4-070B450ADCA7}.Debug|Any CPU.ActiveCfg = Debug|Any CPU
		{F8488A71-9438-4679-AFE4-070B450ADCA7}.Debug|Any CPU.Build.0 = Debug|Any CPU
		{F8488A71-9438-4679-AFE4-070B450ADCA7}.Release|Any CPU.ActiveCfg = Release|Any CPU
		{F8488A71-9438-4679-AFE4-070B450ADCA7}.Release|Any CPU.Build.0 = Release|Any CPU
		{C424F985-F7ED-46AC-9B65-20A1C1A2C363}.Debug|Any CPU.ActiveCfg = Debug|Any CPU
		{C424F985-F7ED-46AC-9B65-20A1C1A2C363}.Debug|Any CPU.Build.0 = Debug|Any CPU
		{C424F985-F7ED-46AC-9B65-20A1C1A2C363}.Release|Any CPU.ActiveCfg = Release|Any CPU
		{C424F985-F7ED-46AC-9B65-20A1C1A2C363}.Release|Any CPU.Build.0 = Release|Any CPU
		{19047C78-AF33-44BB-BD84-6F9B9332C705}.Debug|Any CPU.ActiveCfg = Debug|Any CPU
		{19047C78-AF33-44BB-BD84-6F9B9332C705}.Debug|Any CPU.Build.0 = Debug|Any CPU
		{19047C78-AF33-44BB-BD84-6F9B9332C705}.Release|Any CPU.ActiveCfg = Release|Any CPU
		{19047C78-AF33-44BB-BD84-6F9B9332C705}.Release|Any CPU.Build.0 = Release|Any CPU
	EndGlobalSection
	GlobalSection(SolutionProperties) = preSolution
		HideSolutionNode = FALSE
	EndGlobalSection
	GlobalSection(ExtensibilityGlobals) = postSolution
		SolutionGuid = {9DD310A3-D322-411D-9BCF-DFA8B4593DB2}
	EndGlobalSection
EndGlobal
